{
  "name": "hit-that-tone",
  "version": "1.0.0",
  "lockfileVersion": 1,
  "requires": true,
  "dependencies": {
    "@types/bson": {
      "version": "4.0.3",
      "resolved": "https://registry.npmjs.org/@types/bson/-/bson-4.0.3.tgz",
      "integrity": "sha512-mVRvYnTOZJz3ccpxhr3wgxVmSeiYinW+zlzQz3SXWaJmD1DuL05Jeq7nKw3SnbKmbleW5qrLG5vdyWe/A9sXhw==",
      "dev": true,
      "requires": {
        "@types/node": "*"
      }
    },
    "@types/mongodb": {
      "version": "3.6.11",
      "resolved": "https://registry.npmjs.org/@types/mongodb/-/mongodb-3.6.11.tgz",
      "integrity": "sha512-j0WPV+MQArOYULfCcBALomTXsDMt3iQl8dHa99jrf4U9ENgTQC3LKJbeXYL7TiClofzFOwwICkxEdlB5XhihGw==",
      "dev": true,
      "requires": {
        "@types/bson": "*",
        "@types/node": "*"
      }
    },
    "@types/mongoose": {
      "version": "5.10.4",
      "resolved": "https://registry.npmjs.org/@types/mongoose/-/mongoose-5.10.4.tgz",
      "integrity": "sha512-U7fNDcTcdaSGzQ3+mlSBeebiYr6eaacJi330LTLOEh8Sm6mXfuec70ag/UXkL+alFm7pfAjFqfc7jEaJEJvAHQ==",
      "dev": true,
      "requires": {
        "@types/mongodb": "*",
        "@types/node": "*"
      }
    },
    "@types/node": {
      "version": "14.14.37",
      "resolved": "https://registry.npmjs.org/@types/node/-/node-14.14.37.tgz",
      "integrity": "sha512-XYmBiy+ohOR4Lh5jE379fV2IU+6Jn4g5qASinhitfyO71b/sCo6MKsMLF5tc7Zf2CE8hViVQyYSobJNke8OvUw==",
      "dev": true
    }
  }
}
